
Microsoft Visual Studio Solution File, Format Version 12.00
# Visual Studio Version 17
VisualStudioVersion = 17.1.32319.34
MinimumVisualStudioVersion = 10.0.40219.1
Project("{9A19103F-16F7-4668-BE54-9A1E7A4F7556}") = "ChainOfResponsability", "ChainOfResponsability\ChainOfResponsability.csproj", "{1A61B494-7460-492E-93E3-22A834D95EB9}"
EndProject
Project("{FAE04EC0-301F-11D3-BF4B-00C04F79EFBC}") = "State", "State\State.csproj", "{1850C358-6A78-463A-A8F2-0B709C9D2B3E}"
EndProject
Global
	GlobalSection(SolutionConfigurationPlatforms) = preSolution
		Debug|Any CPU = Debug|Any CPU
		Release|Any CPU = Release|Any CPU
	EndGlobalSection
	GlobalSection(ProjectConfigurationPlatforms) = postSolution
		{1A61B494-7460-492E-93E3-22A834D95EB9}.Debug|Any CPU.ActiveCfg = Debug|Any CPU
		{1A61B494-7460-492E-93E3-22A834D95EB9}.Debug|Any CPU.Build.0 = Debug|Any CPU
		{1A61B494-7460-492E-93E3-22A834D95EB9}.Release|Any CPU.ActiveCfg = Release|Any CPU
		{1A61B494-7460-492E-93E3-22A834D95EB9}.Release|Any CPU.Build.0 = Release|Any CPU
		{1850C358-6A78-463A-A8F2-0B709C9D2B3E}.Debug|Any CPU.ActiveCfg = Debug|Any CPU
		{1850C358-6A78-463A-A8F2-0B709C9D2B3E}.Debug|Any CPU.Build.0 = Debug|Any CPU
		{1850C358-6A78-463A-A8F2-0B709C9D2B3E}.Release|Any CPU.ActiveCfg = Release|Any CPU
		{1850C358-6A78-463A-A8F2-0B709C9D2B3E}.Release|Any CPU.Build.0 = Release|Any CPU
	EndGlobalSection
	GlobalSection(SolutionProperties) = preSolution
		HideSolutionNode = FALSE
	EndGlobalSection
	GlobalSection(ExtensibilityGlobals) = postSolution
		SolutionGuid = {F2D69D20-CD2E-4115-B3AB-23FAD29A943F}
	EndGlobalSection
EndGlobal
